// !$*UTF8*$!
{
	archiveVersion = 1;
	classes = {
	};
	objectVersion = 51;
	objects = {

/* Begin PBXBuildFile section */
		E1715906249FE9CA00EADE0A /* textField+Extension.swift in Sources */ = {isa = PBXBuildFile; fileRef = E1715905249FE9CA00EADE0A /* textField+Extension.swift */; };
		E171590B24A0FC2100EADE0A /* customerViewController.swift in Sources */ = {isa = PBXBuildFile; fileRef = E171590924A0FC2100EADE0A /* customerViewController.swift */; };
		E171590C24A0FC2100EADE0A /* customerViewController.xib in Resources */ = {isa = PBXBuildFile; fileRef = E171590A24A0FC2100EADE0A /* customerViewController.xib */; };
		E171590F24A3E88200EADE0A /* driverViewController.swift in Sources */ = {isa = PBXBuildFile; fileRef = E171590D24A3E88200EADE0A /* driverViewController.swift */; };
		E171591024A3E88200EADE0A /* driverViewController.xib in Resources */ = {isa = PBXBuildFile; fileRef = E171590E24A3E88200EADE0A /* driverViewController.xib */; };
		E171591324A46E6F00EADE0A /* driverTableViewCell.swift in Sources */ = {isa = PBXBuildFile; fileRef = E171591124A46E6F00EADE0A /* driverTableViewCell.swift */; };
		E171591424A46E6F00EADE0A /* driverTableViewCell.xib in Resources */ = {isa = PBXBuildFile; fileRef = E171591224A46E6F00EADE0A /* driverTableViewCell.xib */; };
		E171591724A4D0F500EADE0A /* driverMapViewController.swift in Sources */ = {isa = PBXBuildFile; fileRef = E171591524A4D0F500EADE0A /* driverMapViewController.swift */; };
		E171591824A4D0F500EADE0A /* driverMapViewController.xib in Resources */ = {isa = PBXBuildFile; fileRef = E171591624A4D0F500EADE0A /* driverMapViewController.xib */; };
		E183CBE8249F771E00F23030 /* AppDelegate.swift in Sources */ = {isa = PBXBuildFile; fileRef = E183CBE7249F771E00F23030 /* AppDelegate.swift */; };
		E183CBEA249F771E00F23030 /* SceneDelegate.swift in Sources */ = {isa = PBXBuildFile; fileRef = E183CBE9249F771E00F23030 /* SceneDelegate.swift */; };
		E183CBEC249F771E00F23030 /* ViewController.swift in Sources */ = {isa = PBXBuildFile; fileRef = E183CBEB249F771E00F23030 /* ViewController.swift */; };
		E183CBEF249F771E00F23030 /* Main.storyboard in Resources */ = {isa = PBXBuildFile; fileRef = E183CBED249F771E00F23030 /* Main.storyboard */; };
		E183CBF1249F772000F23030 /* Assets.xcassets in Resources */ = {isa = PBXBuildFile; fileRef = E183CBF0249F772000F23030 /* Assets.xcassets */; };
		E183CBF4249F772000F23030 /* LaunchScreen.storyboard in Resources */ = {isa = PBXBuildFile; fileRef = E183CBF2249F772000F23030 /* LaunchScreen.storyboard */; };
		E183CBFC249F7BDC00F23030 /* GoogleService-Info.plist in Resources */ = {isa = PBXBuildFile; fileRef = E183CBFB249F7BDC00F23030 /* GoogleService-Info.plist */; };
		F5067F8A97DA0DC12B25EC66 /* Pods_gojekClone.framework in Frameworks */ = {isa = PBXBuildFile; fileRef = E8D0018985AD5560D3197322 /* Pods_gojekClone.framework */; };
/* End PBXBuildFile section */

/* Begin PBXFileReference section */
		2952640C0DDF2192DD69FE93 /* Pods-gojekClone.release.xcconfig */ = {isa = PBXFileReference; includeInIndex = 1; lastKnownFileType = text.xcconfig; name = "Pods-gojekClone.release.xcconfig"; path = "Target Support Files/Pods-gojekClone/Pods-gojekClone.release.xcconfig"; sourceTree = "<group>"; };
		E1715905249FE9CA00EADE0A /* textField+Extension.swift */ = {isa = PBXFileReference; lastKnownFileType = sourcecode.swift; path = "textField+Extension.swift"; sourceTree = "<group>"; };
		E171590924A0FC2100EADE0A /* customerViewController.swift */ = {isa = PBXFileReference; lastKnownFileType = sourcecode.swift; path = customerViewController.swift; sourceTree = "<group>"; };
		E171590A24A0FC2100EADE0A /* customerViewController.xib */ = {isa = PBXFileReference; lastKnownFileType = file.xib; path = customerViewController.xib; sourceTree = "<group>"; };
		E171590D24A3E88200EADE0A /* driverViewController.swift */ = {isa = PBXFileReference; lastKnownFileType = sourcecode.swift; path = driverViewController.swift; sourceTree = "<group>"; };
		E171590E24A3E88200EADE0A /* driverViewController.xib */ = {isa = PBXFileReference; lastKnownFileType = file.xib; path = driverViewController.xib; sourceTree = "<group>"; };
		E171591124A46E6F00EADE0A /* driverTableViewCell.swift */ = {isa = PBXFileReference; lastKnownFileType = sourcecode.swift; path = driverTableViewCell.swift; sourceTree = "<group>"; };
		E171591224A46E6F00EADE0A /* driverTableViewCell.xib */ = {isa = PBXFileReference; lastKnownFileType = file.xib; path = driverTableViewCell.xib; sourceTree = "<group>"; };
		E171591524A4D0F500EADE0A /* driverMapViewController.swift */ = {isa = PBXFileReference; lastKnownFileType = sourcecode.swift; path = driverMapViewController.swift; sourceTree = "<group>"; };
		E171591624A4D0F500EADE0A /* driverMapViewController.xib */ = {isa = PBXFileReference; lastKnownFileType = file.xib; path = driverMapViewController.xib; sourceTree = "<group>"; };
		E183CBE4249F771E00F23030 /* gojekClone.app */ = {isa = PBXFileReference; explicitFileType = wrapper.application; includeInIndex = 0; path = gojekClone.app; sourceTree = BUILT_PRODUCTS_DIR; };
		E183CBE7249F771E00F23030 /* AppDelegate.swift */ = {isa = PBXFileReference; lastKnownFileType = sourcecode.swift; path = AppDelegate.swift; sourceTree = "<group>"; };
		E183CBE9249F771E00F23030 /* SceneDelegate.swift */ = {isa = PBXFileReference; lastKnownFileType = sourcecode.swift; path = SceneDelegate.swift; sourceTree = "<group>"; };
		E183CBEB249F771E00F23030 /* ViewController.swift */ = {isa = PBXFileReference; lastKnownFileType = sourcecode.swift; path = ViewController.swift; sourceTree = "<group>"; };
		E183CBEE249F771E00F23030 /* Base */ = {isa = PBXFileReference; lastKnownFileType = file.storyboard; name = Base; path = Base.lproj/Main.storyboard; sourceTree = "<group>"; };
		E183CBF0249F772000F23030 /* Assets.xcassets */ = {isa = PBXFileReference; lastKnownFileType = folder.assetcatalog; path = Assets.xcassets; sourceTree = "<group>"; };
		E183CBF3249F772000F23030 /* Base */ = {isa = PBXFileReference; lastKnownFileType = file.storyboard; name = Base; path = Base.lproj/LaunchScreen.storyboard; sourceTree = "<group>"; };
		E183CBF5249F772000F23030 /* Info.plist */ = {isa = PBXFileReference; lastKnownFileType = text.plist.xml; path = Info.plist; sourceTree = "<group>"; };
		E183CBFB249F7BDC00F23030 /* GoogleService-Info.plist */ = {isa = PBXFileReference; fileEncoding = 4; lastKnownFileType = text.plist.xml; path = "GoogleService-Info.plist"; sourceTree = "<group>"; };
		E8D0018985AD5560D3197322 /* Pods_gojekClone.framework */ = {isa = PBXFileReference; explicitFileType = wrapper.framework; includeInIndex = 0; path = Pods_gojekClone.framework; sourceTree = BUILT_PRODUCTS_DIR; };
		F9BCA09AEA5512D1D706566F /* Pods-gojekClone.debug.xcconfig */ = {isa = PBXFileReference; includeInIndex = 1; lastKnownFileType = text.xcconfig; name = "Pods-gojekClone.debug.xcconfig"; path = "Target Support Files/Pods-gojekClone/Pods-gojekClone.debug.xcconfig"; sourceTree = "<group>"; };
/* End PBXFileReference section */

/* Begin PBXFrameworksBuildPhase section */
		E183CBE1249F771E00F23030 /* Frameworks */ = {
			isa = PBXFrameworksBuildPhase;
			buildActionMask = 2147483647;
			files = (
				F5067F8A97DA0DC12B25EC66 /* Pods_gojekClone.framework in Frameworks */,
			);
			runOnlyForDeploymentPostprocessing = 0;
		};
/* End PBXFrameworksBuildPhase section */

/* Begin PBXGroup section */
		146484FCE152669F246B8056 /* Frameworks */ = {
			isa = PBXGroup;
			children = (
				E8D0018985AD5560D3197322 /* Pods_gojekClone.framework */,
			);
			name = Frameworks;
			sourceTree = "<group>";
		};
		C53E3224D4FEC3B91B370C6C /* Pods */ = {
			isa = PBXGroup;
			children = (
				F9BCA09AEA5512D1D706566F /* Pods-gojekClone.debug.xcconfig */,
				2952640C0DDF2192DD69FE93 /* Pods-gojekClone.release.xcconfig */,
			);
			path = Pods;
			sourceTree = "<group>";
		};
		E10AE26524A627DB00764DA1 /* View */ = {
			isa = PBXGroup;
			children = (
				E183CBED249F771E00F23030 /* Main.storyboard */,
				E183CBF2249F772000F23030 /* LaunchScreen.storyboard */,
				E10AE26724A627F500764DA1 /* rider */,
				E10AE26624A627EA00764DA1 /* driver */,
			);
			path = View;
			sourceTree = "<group>";
		};
		E10AE26624A627EA00764DA1 /* driver */ = {
			isa = PBXGroup;
			children = (
				E171590E24A3E88200EADE0A /* driverViewController.xib */,
				E171591624A4D0F500EADE0A /* driverMapViewController.xib */,
				E10AE26C24A6285700764DA1 /* cell */,
			);
			path = driver;
			sourceTree = "<group>";
		};
		E10AE26724A627F500764DA1 /* rider */ = {
			isa = PBXGroup;
			children = (
				E171590A24A0FC2100EADE0A /* customerViewController.xib */,
			);
			path = rider;
			sourceTree = "<group>";
		};
		E10AE26824A627FC00764DA1 /* Controller */ = {
			isa = PBXGroup;
			children = (
				E183CBEB249F771E00F23030 /* ViewController.swift */,
				E10AE26924A6280200764DA1 /* rider */,
				E10AE26A24A6280800764DA1 /* driver */,
			);
			path = Controller;
			sourceTree = "<group>";
		};
		E10AE26924A6280200764DA1 /* rider */ = {
			isa = PBXGroup;
			children = (
				E171590924A0FC2100EADE0A /* customerViewController.swift */,
			);
			path = rider;
			sourceTree = "<group>";
		};
		E10AE26A24A6280800764DA1 /* driver */ = {
			isa = PBXGroup;
			children = (
				E171590D24A3E88200EADE0A /* driverViewController.swift */,
				E171591524A4D0F500EADE0A /* driverMapViewController.swift */,
				E10AE26B24A6282B00764DA1 /* cell */,
			);
			path = driver;
			sourceTree = "<group>";
		};
		E10AE26B24A6282B00764DA1 /* cell */ = {
			isa = PBXGroup;
			children = (
				E171591124A46E6F00EADE0A /* driverTableViewCell.swift */,
			);
			path = cell;
			sourceTree = "<group>";
		};
		E10AE26C24A6285700764DA1 /* cell */ = {
			isa = PBXGroup;
			children = (
				E171591224A46E6F00EADE0A /* driverTableViewCell.xib */,
			);
			path = cell;
			sourceTree = "<group>";
		};
		E10AE26D24A6286F00764DA1 /* Extension */ = {
			isa = PBXGroup;
			children = (
				E1715905249FE9CA00EADE0A /* textField+Extension.swift */,
			);
			path = Extension;
			sourceTree = "<group>";
		};
		E183CBDB249F771E00F23030 = {
			isa = PBXGroup;
			children = (
				E183CBE6249F771E00F23030 /* gojekClone */,
				E183CBE5249F771E00F23030 /* Products */,
				C53E3224D4FEC3B91B370C6C /* Pods */,
				146484FCE152669F246B8056 /* Frameworks */,
			);
			sourceTree = "<group>";
		};
		E183CBE5249F771E00F23030 /* Products */ = {
			isa = PBXGroup;
			children = (
				E183CBE4249F771E00F23030 /* gojekClone.app */,
			);
			name = Products;
			sourceTree = "<group>";
		};
		E183CBE6249F771E00F23030 /* gojekClone */ = {
			isa = PBXGroup;
			children = (
				E10AE26D24A6286F00764DA1 /* Extension */,
				E10AE26824A627FC00764DA1 /* Controller */,
				E10AE26524A627DB00764DA1 /* View */,
				E183CBE7249F771E00F23030 /* AppDelegate.swift */,
				E183CBE9249F771E00F23030 /* SceneDelegate.swift */,
				E183CBF0249F772000F23030 /* Assets.xcassets */,
				E183CBF5249F772000F23030 /* Info.plist */,
				E183CBFB249F7BDC00F23030 /* GoogleService-Info.plist */,
			);
			path = gojekClone;
			sourceTree = "<group>";
		};
/* End PBXGroup section */

/* Begin PBXNativeTarget section */
		E183CBE3249F771E00F23030 /* gojekClone */ = {
			isa = PBXNativeTarget;
			buildConfigurationList = E183CBF8249F772000F23030 /* Build configuration list for PBXNativeTarget "gojekClone" */;
			buildPhases = (
				E57267F2564B9ACDBD143184 /* [CP] Check Pods Manifest.lock */,
				E183CBE0249F771E00F23030 /* Sources */,
				E183CBE1249F771E00F23030 /* Frameworks */,
				E183CBE2249F771E00F23030 /* Resources */,
				7C06C2AB4EC2B22F45B90B05 /* [CP] Embed Pods Frameworks */,
			);
			buildRules = (
			);
			dependencies = (
			);
			name = gojekClone;
			productName = gojekClone;
			productReference = E183CBE4249F771E00F23030 /* gojekClone.app */;
			productType = "com.apple.product-type.application";
		};
/* End PBXNativeTarget section */

/* Begin PBXProject section */
		E183CBDC249F771E00F23030 /* Project object */ = {
			isa = PBXProject;
			attributes = {
				LastSwiftUpdateCheck = 1150;
				LastUpgradeCheck = 1150;
				ORGANIZATIONNAME = "danny santoso";
				TargetAttributes = {
					E183CBE3249F771E00F23030 = {
						CreatedOnToolsVersion = 11.5;
					};
				};
			};
			buildConfigurationList = E183CBDF249F771E00F23030 /* Build configuration list for PBXProject "gojekClone" */;
			compatibilityVersion = "Xcode 9.3";
			developmentRegion = en;
			hasScannedForEncodings = 0;
			knownRegions = (
				en,
				Base,
			);
			mainGroup = E183CBDB249F771E00F23030;
			productRefGroup = E183CBE5249F771E00F23030 /* Products */;
			projectDirPath = "";
			projectRoot = "";
			targets = (
				E183CBE3249F771E00F23030 /* gojekClone */,
			);
		};
/* End PBXProject section */

/* Begin PBXResourcesBuildPhase section */
		E183CBE2249F771E00F23030 /* Resources */ = {
			isa = PBXResourcesBuildPhase;
			buildActionMask = 2147483647;
			files = (
				E183CBF4249F772000F23030 /* LaunchScreen.storyboard in Resources */,
				E183CBFC249F7BDC00F23030 /* GoogleService-Info.plist in Resources */,
				E171591424A46E6F00EADE0A /* driverTableViewCell.xib in Resources */,
				E183CBF1249F772000F23030 /* Assets.xcassets in Resources */,
				E183CBEF249F771E00F23030 /* Main.storyboard in Resources */,
				E171591824A4D0F500EADE0A /* driverMapViewController.xib in Resources */,
				E171591024A3E88200EADE0A /* driverViewController.xib in Resources */,
				E171590C24A0FC2100EADE0A /* customerViewController.xib in Resources */,
			);
			runOnlyForDeploymentPostprocessing = 0;
		};
/* End PBXResourcesBuildPhase section */

/* Begin PBXShellScriptBuildPhase section */
		7C06C2AB4EC2B22F45B90B05 /* [CP] Embed Pods Frameworks */ = {
			isa = PBXShellScriptBuildPhase;
			buildActionMask = 2147483647;
			files = (
			);
			inputFileListPaths = (
				"${PODS_ROOT}/Target Support Files/Pods-gojekClone/Pods-gojekClone-frameworks-${CONFIGURATION}-input-files.xcfilelist",
			);
			name = "[CP] Embed Pods Frameworks";
			outputFileListPaths = (
				"${PODS_ROOT}/Target Support Files/Pods-gojekClone/Pods-gojekClone-frameworks-${CONFIGURATION}-output-files.xcfilelist",
			);
			runOnlyForDeploymentPostprocessing = 0;
			shellPath = /bin/sh;
			shellScript = "\"${PODS_ROOT}/Target Support Files/Pods-gojekClone/Pods-gojekClone-frameworks.sh\"\n";
			showEnvVarsInLog = 0;
		};
		E57267F2564B9ACDBD143184 /* [CP] Check Pods Manifest.lock */ = {
			isa = PBXShellScriptBuildPhase;
			buildActionMask = 2147483647;
			files = (
			);
			inputFileListPaths = (
			);
			inputPaths = (
				"${PODS_PODFILE_DIR_PATH}/Podfile.lock",
				"${PODS_ROOT}/Manifest.lock",
			);
			name = "[CP] Check Pods Manifest.lock";
			outputFileListPaths = (
			);
			outputPaths = (
				"$(DERIVED_FILE_DIR)/Pods-gojekClone-checkManifestLockResult.txt",
			);
			runOnlyForDeploymentPostprocessing = 0;
			shellPath = /bin/sh;
			shellScript = "diff \"${PODS_PODFILE_DIR_PATH}/Podfile.lock\" \"${PODS_ROOT}/Manifest.lock\" > /dev/null\nif [ $? != 0 ] ; then\n    # print error to STDERR\n    echo \"error: The sandbox is not in sync with the Podfile.lock. Run 'pod install' or update your CocoaPods installation.\" >&2\n    exit 1\nfi\n# This output is used by Xcode 'outputs' to avoid re-running this script phase.\necho \"SUCCESS\" > \"${SCRIPT_OUTPUT_FILE_0}\"\n";
			showEnvVarsInLog = 0;
		};
/* End PBXShellScriptBuildPhase section */

/* Begin PBXSourcesBuildPhase section */
		E183CBE0249F771E00F23030 /* Sources */ = {
			isa = PBXSourcesBuildPhase;
			buildActionMask = 2147483647;
			files = (
				E171591324A46E6F00EADE0A /* driverTableViewCell.swift in Sources */,
				E171591724A4D0F500EADE0A /* driverMapViewController.swift in Sources */,
				E183CBEC249F771E00F23030 /* ViewController.swift in Sources */,
				E1715906249FE9CA00EADE0A /* textField+Extension.swift in Sources */,
				E171590F24A3E88200EADE0A /* driverViewController.swift in Sources */,
				E183CBE8249F771E00F23030 /* AppDelegate.swift in Sources */,
				E183CBEA249F771E00F23030 /* SceneDelegate.swift in Sources */,
				E171590B24A0FC2100EADE0A /* customerViewController.swift in Sources */,
			);
			runOnlyForDeploymentPostprocessing = 0;
		};
/* End PBXSourcesBuildPhase section */

/* Begin PBXVariantGroup section */
		E183CBED249F771E00F23030 /* Main.storyboard */ = {
			isa = PBXVariantGroup;
			children = (
				E183CBEE249F771E00F23030 /* Base */,
			);
			name = Main.storyboard;
			sourceTree = "<group>";
		};
		E183CBF2249F772000F23030 /* LaunchScreen.storyboard */ = {
			isa = PBXVariantGroup;
			children = (
				E183CBF3249F772000F23030 /* Base */,
			);
			name = LaunchScreen.storyboard;
			sourceTree = "<group>";
		};
/* End PBXVariantGroup section */

/* Begin XCBuildConfiguration section */
		E183CBF6249F772000F23030 /* Debug */ = {
			isa = XCBuildConfiguration;
			buildSettings = {
				ALWAYS_SEARCH_USER_PATHS = NO;
				CLANG_ANALYZER_NONNULL = YES;
				CLANG_ANALYZER_NUMBER_OBJECT_CONVERSION = YES_AGGRESSIVE;
				CLANG_CXX_LANGUAGE_STANDARD = "gnu++14";
				CLANG_CXX_LIBRARY = "libc++";
				CLANG_ENABLE_MODULES = YES;
				CLANG_ENABLE_OBJC_ARC = YES;
				CLANG_ENABLE_OBJC_WEAK = YES;
				CLANG_WARN_BLOCK_CAPTURE_AUTORELEASING = YES;
				CLANG_WARN_BOOL_CONVERSION = YES;
				CLANG_WARN_COMMA = YES;
				CLANG_WARN_CONSTANT_CONVERSION = YES;
				CLANG_WARN_DEPRECATED_OBJC_IMPLEMENTATIONS = YES;
				CLANG_WARN_DIRECT_OBJC_ISA_USAGE = YES_ERROR;
				CLANG_WARN_DOCUMENTATION_COMMENTS = YES;
				CLANG_WARN_EMPTY_BODY = YES;
				CLANG_WARN_ENUM_CONVERSION = YES;
				CLANG_WARN_INFINITE_RECURSION = YES;
				CLANG_WARN_INT_CONVERSION = YES;
				CLANG_WARN_NON_LITERAL_NULL_CONVERSION = YES;
				CLANG_WARN_OBJC_IMPLICIT_RETAIN_SELF = YES;
				CLANG_WARN_OBJC_LITERAL_CONVERSION = YES;
				CLANG_WARN_OBJC_ROOT_CLASS = YES_ERROR;
				CLANG_WARN_RANGE_LOOP_ANALYSIS = YES;
				CLANG_WARN_STRICT_PROTOTYPES = YES;
				CLANG_WARN_SUSPICIOUS_MOVE = YES;
				CLANG_WARN_UNGUARDED_AVAILABILITY = YES_AGGRESSIVE;
				CLANG_WARN_UNREACHABLE_CODE = YES;
				CLANG_WARN__DUPLICATE_METHOD_MATCH = YES;
				COPY_PHASE_STRIP = NO;
				DEBUG_INFORMATION_FORMAT = dwarf;
				ENABLE_STRICT_OBJC_MSGSEND = YES;
				ENABLE_TESTABILITY = YES;
				GCC_C_LANGUAGE_STANDARD = gnu11;
				GCC_DYNAMIC_NO_PIC = NO;
				GCC_NO_COMMON_BLOCKS = YES;
				GCC_OPTIMIZATION_LEVEL = 0;
				GCC_PREPROCESSOR_DEFINITIONS = (
					"DEBUG=1",
					"$(inherited)",
				);
				GCC_WARN_64_TO_32_BIT_CONVERSION = YES;
				GCC_WARN_ABOUT_RETURN_TYPE = YES_ERROR;
				GCC_WARN_UNDECLARED_SELECTOR = YES;
				GCC_WARN_UNINITIALIZED_AUTOS = YES_AGGRESSIVE;
				GCC_WARN_UNUSED_FUNCTION = YES;
				GCC_WARN_UNUSED_VARIABLE = YES;
				IPHONEOS_DEPLOYMENT_TARGET = 13.5;
				MTL_ENABLE_DEBUG_INFO = INCLUDE_SOURCE;
				MTL_FAST_MATH = YES;
				ONLY_ACTIVE_ARCH = YES;
				SDKROOT = iphoneos;
				SWIFT_ACTIVE_COMPILATION_CONDITIONS = DEBUG;
				SWIFT_OPTIMIZATION_LEVEL = "-Onone";
			};
			name = Debug;
		};
		E183CBF7249F772000F23030 /* Release */ = {
			isa = XCBuildConfiguration;
			buildSettings = {
				ALWAYS_SEARCH_USER_PATHS = NO;
				CLANG_ANALYZER_NONNULL = YES;
				CLANG_ANALYZER_NUMBER_OBJECT_CONVERSION = YES_AGGRESSIVE;
				CLANG_CXX_LANGUAGE_STANDARD = "gnu++14";
				CLANG_CXX_LIBRARY = "libc++";
				CLANG_ENABLE_MODULES = YES;
				CLANG_ENABLE_OBJC_ARC = YES;
				CLANG_ENABLE_OBJC_WEAK = YES;
				CLANG_WARN_BLOCK_CAPTURE_AUTORELEASING = YES;
				CLANG_WARN_BOOL_CONVERSION = YES;
				CLANG_WARN_COMMA = YES;
				CLANG_WARN_CONSTANT_CONVERSION = YES;
				CLANG_WARN_DEPRECATED_OBJC_IMPLEMENTATIONS = YES;
				CLANG_WARN_DIRECT_OBJC_ISA_USAGE = YES_ERROR;
				CLANG_WARN_DOCUMENTATION_COMMENTS = YES;
				CLANG_WARN_EMPTY_BODY = YES;
				CLANG_WARN_ENUM_CONVERSION = YES;
				CLANG_WARN_INFINITE_RECURSION = YES;
				CLANG_WARN_INT_CONVERSION = YES;
				CLANG_WARN_NON_LITERAL_NULL_CONVERSION = YES;
				CLANG_WARN_OBJC_IMPLICIT_RETAIN_SELF = YES;
				CLANG_WARN_OBJC_LITERAL_CONVERSION = YES;
				CLANG_WARN_OBJC_ROOT_CLASS = YES_ERROR;
				CLANG_WARN_RANGE_LOOP_ANALYSIS = YES;
				CLANG_WARN_STRICT_PROTOTYPES = YES;
				CLANG_WARN_SUSPICIOUS_MOVE = YES;
				CLANG_WARN_UNGUARDED_AVAILABILITY = YES_AGGRESSIVE;
				CLANG_WARN_UNREACHABLE_CODE = YES;
				CLANG_WARN__DUPLICATE_METHOD_MATCH = YES;
				COPY_PHASE_STRIP = NO;
				DEBUG_INFORMATION_FORMAT = "dwarf-with-dsym";
				ENABLE_NS_ASSERTIONS = NO;
				ENABLE_STRICT_OBJC_MSGSEND = YES;
				GCC_C_LANGUAGE_STANDARD = gnu11;
				GCC_NO_COMMON_BLOCKS = YES;
				GCC_WARN_64_TO_32_BIT_CONVERSION = YES;
				GCC_WARN_ABOUT_RETURN_TYPE = YES_ERROR;
				GCC_WARN_UNDECLARED_SELECTOR = YES;
				GCC_WARN_UNINITIALIZED_AUTOS = YES_AGGRESSIVE;
				GCC_WARN_UNUSED_FUNCTION = YES;
				GCC_WARN_UNUSED_VARIABLE = YES;
				IPHONEOS_DEPLOYMENT_TARGET = 13.5;
				MTL_ENABLE_DEBUG_INFO = NO;
				MTL_FAST_MATH = YES;
				SDKROOT = iphoneos;
				SWIFT_COMPILATION_MODE = wholemodule;
				SWIFT_OPTIMIZATION_LEVEL = "-O";
				VALIDATE_PRODUCT = YES;
			};
			name = Release;
		};
		E183CBF9249F772000F23030 /* Debug */ = {
			isa = XCBuildConfiguration;
			baseConfigurationReference = F9BCA09AEA5512D1D706566F /* Pods-gojekClone.debug.xcconfig */;
			buildSettings = {
				ASSETCATALOG_COMPILER_APPICON_NAME = AppIcon;
				CODE_SIGN_STYLE = Automatic;
				DEVELOPMENT_TEAM = 9P78Q47KY2;
				INFOPLIST_FILE = gojekClone/Info.plist;
				LD_RUNPATH_SEARCH_PATHS = (
					"$(inherited)",
					"@executable_path/Frameworks",
				);
				PRODUCT_BUNDLE_IDENTIFIER = com.dannysantoso.gojekClone;
				PRODUCT_NAME = "$(TARGET_NAME)";
				SWIFT_VERSION = 5.0;
				TARGETED_DEVICE_FAMILY = "1,2";
			};
			name = Debug;
		};
		E183CBFA249F772000F23030 /* Release */ = {
			isa = XCBuildConfiguration;
			baseConfigurationReference = 2952640C0DDF2192DD69FE93 /* Pods-gojekClone.release.xcconfig */;
			buildSettings = {
				ASSETCATALOG_COMPILER_APPICON_NAME = AppIcon;
				CODE_SIGN_STYLE = Automatic;
				DEVELOPMENT_TEAM = 9P78Q47KY2;
				INFOPLIST_FILE = gojekClone/Info.plist;
				LD_RUNPATH_SEARCH_PATHS = (
					"$(inherited)",
					"@executable_path/Frameworks",
				);
				PRODUCT_BUNDLE_IDENTIFIER = com.dannysantoso.gojekClone;
				PRODUCT_NAME = "$(TARGET_NAME)";
				SWIFT_VERSION = 5.0;
				TARGETED_DEVICE_FAMILY = "1,2";
			};
			name = Release;
		};
/* End XCBuildConfiguration section */

/* Begin XCConfigurationList section */
		E183CBDF249F771E00F23030 /* Build configuration list for PBXProject "gojekClone" */ = {
			isa = XCConfigurationList;
			buildConfigurations = (
				E183CBF6249F772000F23030 /* Debug */,
				E183CBF7249F772000F23030 /* Release */,
			);
			defaultConfigurationIsVisible = 0;
			defaultConfigurationName = Release;
		};
		E183CBF8249F772000F23030 /* Build configuration list for PBXNativeTarget "gojekClone" */ = {
			isa = XCConfigurationList;
			buildConfigurations = (
				E183CBF9249F772000F23030 /* Debug */,
				E183CBFA249F772000F23030 /* Release */,
			);
			defaultConfigurationIsVisible = 0;
			defaultConfigurationName = Release;
		};
/* End XCConfigurationList section */
	};
	rootObject = E183CBDC249F771E00F23030 /* Project object */;
}
